
Microsoft Visual Studio Solution File, Format Version 12.00
# Visual Studio Version 17
VisualStudioVersion = 17.9.34714.143
MinimumVisualStudioVersion = 10.0.40219.1
Project("{FAE04EC0-301F-11D3-BF4B-00C04F79EFBC}") = "Task17.6.6", "Task17.6.6\Task17.6.6.csproj", "{C0209542-3238-4BA6-A917-910EB9BCA592}"
EndProject
Global
	GlobalSection(SolutionConfigurationPlatforms) = preSolution
		Debug|Any CPU = Debug|Any CPU
		Release|Any CPU = Release|Any CPU
	EndGlobalSection
	GlobalSection(ProjectConfigurationPlatforms) = postSolution
		{C0209542-3238-4BA6-A917-910EB9BCA592}.Debug|Any CPU.ActiveCfg = Debug|Any CPU
		{C0209542-3238-4BA6-A917-910EB9BCA592}.Debug|Any CPU.Build.0 = Debug|Any CPU
		{C0209542-3238-4BA6-A917-910EB9BCA592}.Release|Any CPU.ActiveCfg = Release|Any CPU
		{C0209542-3238-4BA6-A917-910EB9BCA592}.Release|Any CPU.Build.0 = Release|Any CPU
	EndGlobalSection
	GlobalSection(SolutionProperties) = preSolution
		HideSolutionNode = FALSE
	EndGlobalSection
	GlobalSection(ExtensibilityGlobals) = postSolution
		SolutionGuid = {B6CC207A-3335-471C-81EE-D3F6B8041821}
	EndGlobalSection
EndGlobal
